
Microsoft Visual Studio Solution File, Format Version 12.00
# Visual Studio Version 17
VisualStudioVersion = 17.5.002.0
MinimumVisualStudioVersion = 10.0.40219.1
Project("{9A19103F-16F7-4668-BE54-9A1E7A4F7556}") = "NguyenVanTrien_0656_2425_BaiThi", "NguyenVanTrien_0656_2425_BaiThi.csproj", "{9F292088-0D61-43C3-9963-BBA3CEFC8E69}"
EndProject
Global
	GlobalSection(SolutionConfigurationPlatforms) = preSolution
		Debug|Any CPU = Debug|Any CPU
		Release|Any CPU = Release|Any CPU
	EndGlobalSection
	GlobalSection(ProjectConfigurationPlatforms) = postSolution
		{9F292088-0D61-43C3-9963-BBA3CEFC8E69}.Debug|Any CPU.ActiveCfg = Debug|Any CPU
		{9F292088-0D61-43C3-9963-BBA3CEFC8E69}.Debug|Any CPU.Build.0 = Debug|Any CPU
		{9F292088-0D61-43C3-9963-BBA3CEFC8E69}.Release|Any CPU.ActiveCfg = Release|Any CPU
		{9F292088-0D61-43C3-9963-BBA3CEFC8E69}.Release|Any CPU.Build.0 = Release|Any CPU
	EndGlobalSection
	GlobalSection(SolutionProperties) = preSolution
		HideSolutionNode = FALSE
	EndGlobalSection
	GlobalSection(ExtensibilityGlobals) = postSolution
		SolutionGuid = {103925C7-B1EF-4794-A70A-301900164AF5}
	EndGlobalSection
EndGlobal
